
Microsoft Visual Studio Solution File, Format Version 12.00
# Visual Studio 15
VisualStudioVersion = 15.0.28307.645
MinimumVisualStudioVersion = 10.0.40219.1
Project("{FAE04EC0-301F-11D3-BF4B-00C04F79EFBC}") = "MiraDesign.Web", "MiraDesign.Web\MiraDesign.Web.csproj", "{D643D1DF-79FE-41B9-B1C1-9EBA9B41125F}"
EndProject
Global
	GlobalSection(SolutionConfigurationPlatforms) = preSolution
		Debug|Any CPU = Debug|Any CPU
		Release|Any CPU = Release|Any CPU
	EndGlobalSection
	GlobalSection(ProjectConfigurationPlatforms) = postSolution
		{D643D1DF-79FE-41B9-B1C1-9EBA9B41125F}.Debug|Any CPU.ActiveCfg = Debug|Any CPU
		{D643D1DF-79FE-41B9-B1C1-9EBA9B41125F}.Debug|Any CPU.Build.0 = Debug|Any CPU
		{D643D1DF-79FE-41B9-B1C1-9EBA9B41125F}.Release|Any CPU.ActiveCfg = Release|Any CPU
		{D643D1DF-79FE-41B9-B1C1-9EBA9B41125F}.Release|Any CPU.Build.0 = Release|Any CPU
	EndGlobalSection
	GlobalSection(SolutionProperties) = preSolution
		HideSolutionNode = FALSE
	EndGlobalSection
	GlobalSection(ExtensibilityGlobals) = postSolution
		SolutionGuid = {B2018864-D7FA-4406-8CC3-BE2DF0702FF1}
	EndGlobalSection
EndGlobal
